
Microsoft Visual Studio Solution File, Format Version 12.00
# Visual Studio 15
VisualStudioVersion = 15.0.28307.136
MinimumVisualStudioVersion = 10.0.40219.1
Project("{9A19103F-16F7-4668-BE54-9A1E7A4F7556}") = "BenefitDeduction", "BenefitDeduction\BenefitDeduction.csproj", "{B408A126-676D-45BD-B810-1E20126656B0}"
EndProject
Project("{9A19103F-16F7-4668-BE54-9A1E7A4F7556}") = "UnitTestBenefitDeduction", "UnitTestBenefitDeduction\UnitTestBenefitDeduction.csproj", "{A4CB42D5-130A-4BE6-9683-EE46A916BFB2}"
EndProject
Global
	GlobalSection(SolutionConfigurationPlatforms) = preSolution
		Debug|Any CPU = Debug|Any CPU
		Release|Any CPU = Release|Any CPU
	EndGlobalSection
	GlobalSection(ProjectConfigurationPlatforms) = postSolution
		{B408A126-676D-45BD-B810-1E20126656B0}.Debug|Any CPU.ActiveCfg = Debug|Any CPU
		{B408A126-676D-45BD-B810-1E20126656B0}.Debug|Any CPU.Build.0 = Debug|Any CPU
		{B408A126-676D-45BD-B810-1E20126656B0}.Release|Any CPU.ActiveCfg = Release|Any CPU
		{B408A126-676D-45BD-B810-1E20126656B0}.Release|Any CPU.Build.0 = Release|Any CPU
		{A4CB42D5-130A-4BE6-9683-EE46A916BFB2}.Debug|Any CPU.ActiveCfg = Debug|Any CPU
		{A4CB42D5-130A-4BE6-9683-EE46A916BFB2}.Debug|Any CPU.Build.0 = Debug|Any CPU
		{A4CB42D5-130A-4BE6-9683-EE46A916BFB2}.Release|Any CPU.ActiveCfg = Release|Any CPU
		{A4CB42D5-130A-4BE6-9683-EE46A916BFB2}.Release|Any CPU.Build.0 = Release|Any CPU
	EndGlobalSection
	GlobalSection(SolutionProperties) = preSolution
		HideSolutionNode = FALSE
	EndGlobalSection
	GlobalSection(ExtensibilityGlobals) = postSolution
		SolutionGuid = {D92DF666-34C4-444B-8F9D-ABF6C06A0795}
	EndGlobalSection
EndGlobal
